{
  "nodes": {
    "aagl": {
      "inputs": {
        "flake-compat": "flake-compat",
        "nixpkgs": [
          "nixpkgs"
        ]
      },
      "locked": {
        "lastModified": 1750597689,
        "narHash": "sha256-3ComII0BkmdohISrshICQiAB6TU+VHHIRnWK0ckA0/s=",
        "owner": "ezKEa",
        "repo": "aagl-gtk-on-nix",
        "rev": "ec2ec4ec3f908ed9b125ea4afd52627bed60f183",
        "type": "github"
      },
      "original": {
        "owner": "ezKEa",
        "repo": "aagl-gtk-on-nix",
        "type": "github"
      }
    },
    "chaotic": {
      "inputs": {
        "flake-schemas": "flake-schemas",
        "home-manager": "home-manager",
        "jovian": "jovian",
        "nixpkgs": "nixpkgs",
        "rust-overlay": "rust-overlay"
      },
      "locked": {
        "lastModified": 1750764101,
        "narHash": "sha256-MYADws041Xvxspd9WmpV5DEYE6UkStAIuZcPbozkaHU=",
        "owner": "chaotic-cx",
        "repo": "nyx",
        "rev": "ffeb9f4b6a4bfbf33e9c3f9494aa9f08b4a2da61",
        "type": "github"
      },
      "original": {
        "owner": "chaotic-cx",
        "ref": "nyxpkgs-unstable",
        "repo": "nyx",
        "type": "github"
      }
    },
    "flake-compat": {
      "flake": false,
      "locked": {
        "lastModified": 1747046372,
        "narHash": "sha256-CIVLLkVgvHYbgI2UpXvIIBJ12HWgX+fjA8Xf8PUmqCY=",
        "owner": "edolstra",
        "repo": "flake-compat",
        "rev": "9100a0f413b0c601e0533d1d94ffd501ce2e7885",
        "type": "github"
      },
      "original": {
        "owner": "edolstra",
        "repo": "flake-compat",
        "type": "github"
      }
    },
    "flake-schemas": {
      "locked": {
        "lastModified": 1721999734,
        "narHash": "sha256-G5CxYeJVm4lcEtaO87LKzOsVnWeTcHGKbKxNamNWgOw=",
        "rev": "0a5c42297d870156d9c57d8f99e476b738dcd982",
        "revCount": 75,
        "type": "tarball",
        "url": "https://api.flakehub.com/f/pinned/DeterminateSystems/flake-schemas/0.1.5/0190ef2f-61e0-794b-ba14-e82f225e55e6/source.tar.gz"
      },
      "original": {
        "type": "tarball",
        "url": "https://flakehub.com/f/DeterminateSystems/flake-schemas/%3D0.1.5.tar.gz"
      }
    },
    "home-manager": {
      "inputs": {
        "nixpkgs": [
          "chaotic",
          "nixpkgs"
        ]
      },
      "locked": {
        "lastModified": 1750730235,
        "narHash": "sha256-rZErlxiV7ssvI8t7sPrKU+fRigNc2KvoKZG3gtUtK50=",
        "owner": "nix-community",
        "repo": "home-manager",
        "rev": "d07e9cceb4994ed64a22b9b36f8b76923e87ac38",
        "type": "github"
      },
      "original": {
        "owner": "nix-community",
        "repo": "home-manager",
        "type": "github"
      }
    },
    "jovian": {
      "inputs": {
        "nix-github-actions": "nix-github-actions",
        "nixpkgs": [
          "chaotic",
          "nixpkgs"
        ]
      },
      "locked": {
        "lastModified": 1750403547,
        "narHash": "sha256-XDDINMbHTtKQeSRpX5mwq20z23Wg/I/G4JUinA3V8Xg=",
        "owner": "Jovian-Experiments",
        "repo": "Jovian-NixOS",
        "rev": "52b86b86d925ec00c836ecc6d36f9c947bb15736",
        "type": "github"
      },
      "original": {
        "owner": "Jovian-Experiments",
        "repo": "Jovian-NixOS",
        "type": "github"
      }
    },
    "just-one-more-repo": {
      "inputs": {
        "nixpkgs": [
          "nixpkgs"
        ]
      },
      "locked": {
        "lastModified": 1750706669,
        "narHash": "sha256-uerFWCJ2MOZCM7Q4MN+440Go96uHvCDjCil7pg6kwgQ=",
        "owner": "ProverbialPennance",
        "repo": "just-one-more-repo",
        "rev": "0828863170d0314a4615ec6a3834dfcdf7232c9b",
        "type": "github"
      },
      "original": {
        "owner": "ProverbialPennance",
        "repo": "just-one-more-repo",
        "type": "github"
      }
    },
    "nix-github-actions": {
      "inputs": {
        "nixpkgs": [
          "chaotic",
          "jovian",
          "nixpkgs"
        ]
      },
      "locked": {
        "lastModified": 1729697500,
        "narHash": "sha256-VFTWrbzDlZyFHHb1AlKRiD/qqCJIripXKiCSFS8fAOY=",
        "owner": "zhaofengli",
        "repo": "nix-github-actions",
        "rev": "e418aeb728b6aa5ca8c5c71974e7159c2df1d8cf",
        "type": "github"
      },
      "original": {
        "owner": "zhaofengli",
        "ref": "matrix-name",
        "repo": "nix-github-actions",
        "type": "github"
      }
    },
    "nixpkgs": {
      "locked": {
        "lastModified": 1750506804,
        "narHash": "sha256-VLFNc4egNjovYVxDGyBYTrvVCgDYgENp5bVi9fPTDYc=",
        "owner": "NixOS",
        "repo": "nixpkgs",
        "rev": "4206c4cb56751df534751b058295ea61357bbbaa",
        "type": "github"
      },
      "original": {
        "owner": "NixOS",
        "ref": "nixos-unstable",
        "repo": "nixpkgs",
        "type": "github"
      }
    },
    "nixpkgs_2": {
      "locked": {
        "lastModified": 1750731501,
        "narHash": "sha256-Ah4qq+SbwMaGkuXCibyg+Fwn00el4KmI3XFX6htfDuk=",
        "owner": "NixOS",
        "repo": "nixpkgs",
        "rev": "69dfebb3d175bde602f612915c5576a41b18486b",
        "type": "github"
      },
      "original": {
        "owner": "NixOS",
        "ref": "nixpkgs-unstable",
        "repo": "nixpkgs",
        "type": "github"
      }
    },
    "root": {
      "inputs": {
        "aagl": "aagl",
        "chaotic": "chaotic",
        "just-one-more-repo": "just-one-more-repo",
        "nixpkgs": "nixpkgs_2"
      }
    },
    "rust-overlay": {
      "inputs": {
        "nixpkgs": [
          "chaotic",
          "nixpkgs"
        ]
      },
      "locked": {
        "lastModified": 1750732748,
        "narHash": "sha256-HR2b3RHsPeJm+Fb+1ui8nXibgniVj7hBNvUbXEyz0DU=",
        "owner": "oxalica",
        "repo": "rust-overlay",
        "rev": "4b4494b2ba7e8a8041b2e28320b2ee02c115c75f",
        "type": "github"
      },
      "original": {
        "owner": "oxalica",
        "repo": "rust-overlay",
        "type": "github"
      }
    }
  },
  "root": "root",
  "version": 7
}
